lockfileVersion: '9.0'

settings:
  autoInstallPeers: true
  excludeLinksFromLockfile: false

importers:

  .:
    dependencies:
      '@fortawesome/fontawesome-free':
        specifier: ^7.3.1
        version: 7.3.1
      '@turf/buffer':
        specifier: ^7.4.0
        version: 7.4.0
      dexie:
        specifier: ^4.4.6
        version: 4.4.6
      geolib:
        specifier: ^3.3.14
        version: 3.3.14
      leaflet:
        specifier: ^1.9.4
        version: 1.9.4
      lucide-react:
        specifier: ^1.52.0
        version: 1.52.0(@types/react@19.2.14)(react@19.2.4)
      maplibre-gl:
        specifier: ^6.13.0
        version: 6.13.0
      motion:
        specifier: ^14.0.0
        version: 14.0.0(react-dom@19.2.4(react@19.2.4))(react@19.2.4)
      react:
        specifier: ^19.0.0
        version: 19.2.4
      react-dom:
        specifier: ^19.0.0
        version: 19.2.4(react@19.2.4)
      shpjs:
        specifier: ^6.2.0
        version: 6.2.0
    devDependencies:
      '@tailwindcss/vite':
        specifier: ^4.0.0
        version: 4.2.2(vite@8.0.5(@types/node@22.19.17)(jiti@2.6.1))
      '@types/leaflet':
        specifier: ^1.9.22
        version: 1.9.22
      '@types/node':
        specifier: ^22.0.0
        version: 22.19.17
      '@types/react':
        specifier: ^19.0.0
        version: 19.2.14
      '@types/react-dom':
        specifier: ^19.0.0
        version: 19.2.3(@types/react@19.2.14)
      '@vitejs/plugin-react':
        specifier: ^6.0.0
        version: 6.0.1(vite@8.0.5(@types/node@22.19.17)(jiti@2.6.1))
      oxfmt:
        specifier: ^0.2.0
        version: 0.2.0
      tailwindcss:
        specifier: ^4.0.0
        version: 4.2.2
      typescript:
        specifier: ^5.7.0
        version: 5.9.3
      vite:
        specifier: ^8.0.5
        version: 8.0.5(@types/node@22.19.17)(jiti@2.6.1)

packages:

  '@emnapi/core@1.9.1':
    resolution: {integrity: sha512-mukuNALVsoix/w1BJwFzwXBN/dHeejQtuVzcDsfOEsdpCumXb/E9j8w11h5S54tT1xhifGfbbSm/ICrObRb3KA==}

  '@emnapi/runtime@1.9.1':
    resolution: {integrity: sha512-VYi5+ZVLhpgK4hQ0TAjiQiZ6ol0oe4mBx7mVv7IflsiEp0OWoVsp/+f9Vc1hOhE0TtkORVrI1GvzyreqpgWtkA==}

  '@emnapi/wasi-threads@1.2.0':
    resolution: {integrity: sha512-N10dEJNSsUx41Z6pZsXU8FjPjpBEplgH24sfkmITrBED1/U2Esum9F3lfLrMjKHHjmi557zQn7kR9R+XWXu5Rg==}

  '@fortawesome/fontawesome-free@7.3.1':
    resolution: {integrity: sha512-wmglKKPDIkgV3aWlZzWECCPoGIkYCulzBwxG9+w7rc5BGapZ6cPMpoPOT8k36J0Ni7PPX6c/rsoMWfS4d1MUMg==}
    engines: {node: '>=6'}

  '@jridgewell/gen-mapping@0.3.13':
    resolution: {integrity: sha512-2kkt/7niJ6MgEPxF0bYdQ6etZaA+fQvDcLKckhy1yIQOzaoKjBBjSj63/aLVjYE3qhRt5dvM+uUyfCg6UKCBbA==}

  '@jridgewell/remapping@2.3.5':
    resolution: {integrity: sha512-LI9u/+laYG4Ds1TDKSJW2YPrIlcVYOwi2fUC6xB43lueCjgxV4lffOCZCtYFiH6TNOX+tQKXx97T4IKHbhyHEQ==}

  '@jridgewell/resolve-uri@3.1.2':
    resolution: {integrity: sha512-bRISgCIjP20/tbWSPWMEi54QVPRZExkuD9lJL+UIxUKtwVJA8wW1Trb1jMs1RFXo1CBTNZ/5hpC9QvmKWdopKw==}
    engines: {node: '>=6.0.0'}

  '@jridgewell/sourcemap-codec@1.5.5':
    resolution: {integrity: sha512-cYQ9310grqxueWbl+WuIUIaiUaDcj7WOq5fVhEljNVgRfOUhY9fy2zTvfoqWsnebh8Sl70VScFbICvJnLKB0Og==}

  '@jridgewell/trace-mapping@0.3.31':
    resolution: {integrity: sha512-zzNR+SdQSDJzc8joaeP8QQoCQr8NuYx2dIIytl1QeBEZHJ9uW6hebsrYgbz8hJwUQao3TWCMtmfV8Nu1twOLAw==}

  '@mapbox/jsonlint-lines-primitives@2.0.3':
    resolution: {integrity: sha512-0SElaV0uMxEnxzBhhX9WTuPyUeMsAN/SS0i16tjuba4/mio63MG9khjC1a0JAiPGXAwvwm4UfHJURCN7nyudQg==}
    engines: {node: '>= 22'}

  '@mapbox/point-geometry@1.1.0':
    resolution: {integrity: sha512-YGcBz1cg4ATXDCM/71L9xveh4dynfGmcLDqufR+nQQy3fKwsAZsWd/x4621/6uJaeB9mwOHE6hPeDgXz9uViUQ==}

  '@mapbox/tiny-sdf@2.2.0':
    resolution: {integrity: sha512-LVL4wgI9YAum5V+LNVQO6QgFBPw7/MIIY4XJPNsPDMrjEwcE+JfKk1LuIl8GnF197ejVdC9QdPaxrx5gfgdGXg==}

  '@mapbox/unitbezier@1.0.0':
    resolution: {integrity: sha512-fqd515fjBmANKGGsQ286E2Wvj/XvDFpGzwJxq4CI6jMQue6Oy04uCKp+JWKF00xRTmk6cEu1jPJ9p3xqH8YWqQ==}

  '@mapbox/vector-tile@3.0.0':
    resolution: {integrity: sha512-Qf10S1uIHMk20ri/IVBnpS+esUEkVaR5Hftmz88jTInrpmWgPGJfPe3LVjjlE77trLx8tH6qjTG7uWH9hIq/0Q==}

  '@maplibre/geojson-vt@6.1.2':
    resolution: {integrity: sha512-2ZYhobdAY+y4/P/z1xe0698165LywD0yDdWugdu3NRUrajgVWut+tLkcz7i/RJguMTURwK7gxwmwYMFJbgbQFw==}

  '@maplibre/maplibre-gl-style-spec@26.4.4':
    resolution: {integrity: sha512-hG4RZR4PBd/+6A3ODdZ3AnQRF106ZQk1y3bhwDg8bH/A4Oz2tnRUJVVWs9BZa6gXZ1d3UKe89C+Mm+olGBELvA==}
    hasBin: true

  '@maplibre/mlt@1.3.0':
    resolution: {integrity: sha512-7M2O7ABM80Oi8XPkfkrjKB8mOBIxGoVgkA52Mu4RMWoBvvMdagQ522+WxVYujZsMpqIr3BpzrTbXrm4k8lCzCQ==}

  '@maplibre/vt-pbf@4.3.2':
    resolution: {integrity: sha512-j6p0AdjvAR19Z3XaCysle7A4ZSo08tYOzxD0Y9NQylwPAkwJJeYub5b2eVucdeDh7erhv69DahoLOevDRERRUw==}

  '@napi-rs/wasm-runtime@1.1.1':
    resolution: {integrity: sha512-p64ah1M1ld8xjWv3qbvFwHiFVWrq1yFvV4f7w+mzaqiR4IlSgkqhcRdHwsGgomwzBH51sRY4NEowLxnaBjcW/A==}

  '@oxc-project/types@0.122.0':
    resolution: {integrity: sha512-oLAl5kBpV4w69UtFZ9xqcmTi+GENWOcPF7FCrczTiBbmC0ibXxCwyvZGbO39rCVEuLGAZM84DH0pUIyyv/YJzA==}

  '@oxfmt/darwin-arm64@0.2.0':
    resolution: {integrity: sha512-NK7iEPqRovUvKac+4dn2ui8v5Y5q6UJ9v4z5Zjr5lmEzTlBwXToP3TwY75IAaCYeu0g8Es7ToJpS7qCQuxUhuA==}
    cpu: [arm64]
    os: [darwin]

  '@oxfmt/darwin-x64@0.2.0':
    resolution: {integrity: sha512-eXDgT+DbIMnA3sWE+w38rOvXaxkP4RvHi41rPpWb9XoRGbM+tOo0c8RYqCIX39n7PizOlbF/xUBh9nMhiW01wQ==}
    cpu: [x64]
    os: [darwin]

  '@oxfmt/linux-arm64-gnu@0.2.0':
    resolution: {integrity: sha512-h4mw9/Lck5X/SU1RPE26VraoBJgn9SOoLl8GnaYvtmRBFHK0v+2KpnBSwMWeiaIxCdJSsrVc9mpKSOcPsen7Cg==}
    cpu: [arm64]
    os: [linux]
    libc: [glibc]

  '@oxfmt/linux-arm64-musl@0.2.0':
    resolution: {integrity: sha512-kDZ/kVCgh9kSczMH2gPXZs+rsY/VcCQ1BoQnND8D3v1Le91LceJ5s/a4XBBA3ADI3NiPdqNmK2ssaxY4BfgXDg==}
    cpu: [arm64]
    os: [linux]
    libc: [musl]

  '@oxfmt/linux-x64-gnu@0.2.0':
    resolution: {integrity: sha512-qvf6cNuf4z3yjzjSvg4Jwr88jDyeFaYPU+4dBWVr6fdWhAA+BIuIvurJWYQGvWNNSkobVWH3A7m+wp+h5fNsSg==}
    cpu: [x64]
    os: [linux]
    libc: [glibc]

  '@oxfmt/linux-x64-musl@0.2.0':
    resolution: {integrity: sha512-D0rw4BVLHEbtMB6p9e+Ph7Y/56oD1DRP4Qcbbv1B1w0kJanWBB3vMH+v2rqgeYsErqJOtLpYRkPFmJSU9In2HA==}
    cpu: [x64]
    os: [linux]
    libc: [musl]

  '@oxfmt/win32-arm64@0.2.0':
    resolution: {integrity: sha512-QM0fP8YUvBNyuNa6d+jNonV34A6zGvvQ2mX93wnERpX25jIbFKljKiKDiWo2M1nUsW8zL2z4ESEeaLO9bx8djg==}
    cpu: [arm64]
    os: [win32]

  '@oxfmt/win32-x64@0.2.0':
    resolution: {integrity: sha512-WkFXliDbwFiziBSfvWXeM0Y3x07Kxxrl39kgsp+N3n5QgzsM8q6qe094+OW+hItDQ+9SSd2y9u231sMCsKxlog==}
    cpu: [x64]
    os: [win32]

  '@rolldown/binding-android-arm64@1.0.0-rc.12':
    resolution: {integrity: sha512-pv1y2Fv0JybcykuiiD3qBOBdz6RteYojRFY1d+b95WVuzx211CRh+ytI/+9iVyWQ6koTh5dawe4S/yRfOFjgaA==}
    engines: {node: ^20.19.0 || >=22.12.0}
    cpu: [arm64]
    os: [android]

  '@rolldown/binding-darwin-arm64@1.0.0-rc.12':
    resolution: {integrity: sha512-cFYr6zTG/3PXXF3pUO+umXxt1wkRK/0AYT8lDwuqvRC+LuKYWSAQAQZjCWDQpAH172ZV6ieYrNnFzVVcnSflAg==}
    engines: {node: ^20.19.0 || >=22.12.0}
    cpu: [arm64]
    os: [darwin]

  '@rolldown/binding-darwin-x64@1.0.0-rc.12':
    resolution: {integrity: sha512-ZCsYknnHzeXYps0lGBz8JrF37GpE9bFVefrlmDrAQhOEi4IOIlcoU1+FwHEtyXGx2VkYAvhu7dyBf75EJQffBw==}
    engines: {node: ^20.19.0 || >=22.12.0}
    cpu: [x64]
    os: [darwin]

  '@rolldown/binding-freebsd-x64@1.0.0-rc.12':
    resolution: {integrity: sha512-dMLeprcVsyJsKolRXyoTH3NL6qtsT0Y2xeuEA8WQJquWFXkEC4bcu1rLZZSnZRMtAqwtrF/Ib9Ddtpa/Gkge9Q==}
    engines: {node: ^20.19.0 || >=22.12.0}
    cpu: [x64]
    os: [freebsd]

  '@rolldown/binding-linux-arm-gnueabihf@1.0.0-rc.12':
    resolution: {integrity: sha512-YqWjAgGC/9M1lz3GR1r1rP79nMgo3mQiiA+Hfo+pvKFK1fAJ1bCi0ZQVh8noOqNacuY1qIcfyVfP6HoyBRZ85Q==}
    engines: {node: ^20.19.0 || >=22.12.0}
    cpu: [arm]
    os: [linux]

  '@rolldown/binding-linux-arm64-gnu@1.0.0-rc.12':
    resolution: {integrity: sha512-/I5AS4cIroLpslsmzXfwbe5OmWvSsrFuEw3mwvbQ1kDxJ822hFHIx+vsN/TAzNVyepI/j/GSzrtCIwQPeKCLIg==}
    engines: {node: ^20.19.0 || >=22.12.0}
    cpu: [arm64]
    os: [linux]
    libc: [glibc]

  '@rolldown/binding-linux-arm64-musl@1.0.0-rc.12':
    resolution: {integrity: sha512-V6/wZztnBqlx5hJQqNWwFdxIKN0m38p8Jas+VoSfgH54HSj9tKTt1dZvG6JRHcjh6D7TvrJPWFGaY9UBVOaWPw==}
    engines: {node: ^20.19.0 || >=22.12.0}
    cpu: [arm64]
    os: [linux]
    libc: [musl]

  '@rolldown/binding-linux-ppc64-gnu@1.0.0-rc.12':
    resolution: {integrity: sha512-AP3E9BpcUYliZCxa3w5Kwj9OtEVDYK6sVoUzy4vTOJsjPOgdaJZKFmN4oOlX0Wp0RPV2ETfmIra9x1xuayFB7g==}
    engines: {node: ^20.19.0 || >=22.12.0}
    cpu: [ppc64]
    os: [linux]
    libc: [glibc]

  '@rolldown/binding-linux-s390x-gnu@1.0.0-rc.12':
    resolution: {integrity: sha512-nWwpvUSPkoFmZo0kQazZYOrT7J5DGOJ/+QHHzjvNlooDZED8oH82Yg67HvehPPLAg5fUff7TfWFHQS8IV1n3og==}
    engines: {node: ^20.19.0 || >=22.12.0}
    cpu: [s390x]
    os: [linux]
    libc: [glibc]

  '@rolldown/binding-linux-x64-gnu@1.0.0-rc.12':
    resolution: {integrity: sha512-RNrafz5bcwRy+O9e6P8Z/OCAJW/A+qtBczIqVYwTs14pf4iV1/+eKEjdOUta93q2TsT/FI0XYDP3TCky38LMAg==}
    engines: {node: ^20.19.0 || >=22.12.0}
    cpu: [x64]
    os: [linux]
    libc: [glibc]

  '@rolldown/binding-linux-x64-musl@1.0.0-rc.12':
    resolution: {integrity: sha512-Jpw/0iwoKWx3LJ2rc1yjFrj+T7iHZn2JDg1Yny1ma0luviFS4mhAIcd1LFNxK3EYu3DHWCps0ydXQ5i/rrJ2ig==}
    engines: {node: ^20.19.0 || >=22.12.0}
    cpu: [x64]
    os: [linux]
    libc: [musl]

  '@rolldown/binding-openharmony-arm64@1.0.0-rc.12':
    resolution: {integrity: sha512-vRugONE4yMfVn0+7lUKdKvN4D5YusEiPilaoO2sgUWpCvrncvWgPMzK00ZFFJuiPgLwgFNP5eSiUlv2tfc+lpA==}
    engines: {node: ^20.19.0 || >=22.12.0}
    cpu: [arm64]
    os: [openharmony]

  '@rolldown/binding-wasm32-wasi@1.0.0-rc.12':
    resolution: {integrity: sha512-ykGiLr/6kkiHc0XnBfmFJuCjr5ZYKKofkx+chJWDjitX+KsJuAmrzWhwyOMSHzPhzOHOy7u9HlFoa5MoAOJ/Zg==}
    engines: {node: '>=14.0.0'}
    cpu: [wasm32]

  '@rolldown/binding-win32-arm64-msvc@1.0.0-rc.12':
    resolution: {integrity: sha512-5eOND4duWkwx1AzCxadcOrNeighiLwMInEADT0YM7xeEOOFcovWZCq8dadXgcRHSf3Ulh1kFo/qvzoFiCLOL1Q==}
    engines: {node: ^20.19.0 || >=22.12.0}
    cpu: [arm64]
    os: [win32]

  '@rolldown/binding-win32-x64-msvc@1.0.0-rc.12':
    resolution: {integrity: sha512-PyqoipaswDLAZtot351MLhrlrh6lcZPo2LSYE+VDxbVk24LVKAGOuE4hb8xZQmrPAuEtTZW8E6D2zc5EUZX4Lw==}
    engines: {node: ^20.19.0 || >=22.12.0}
    cpu: [x64]
    os: [win32]

  '@rolldown/pluginutils@1.0.0-rc.12':
    resolution: {integrity: sha512-HHMwmarRKvoFsJorqYlFeFRzXZqCt2ETQlEDOb9aqssrnVBB1/+xgTGtuTrIk5vzLNX1MjMtTf7W9z3tsSbrxw==}

  '@rolldown/pluginutils@1.0.0-rc.7':
    resolution: {integrity: sha512-qujRfC8sFVInYSPPMLQByRh7zhwkGFS4+tyMQ83srV1qrxL4g8E2tyxVVyxd0+8QeBM1mIk9KbWxkegRr76XzA==}

  '@tailwindcss/node@4.2.2':
    resolution: {integrity: sha512-pXS+wJ2gZpVXqFaUEjojq7jzMpTGf8rU6ipJz5ovJV6PUGmlJ+jvIwGrzdHdQ80Sg+wmQxUFuoW1UAAwHNEdFA==}

  '@tailwindcss/oxide-android-arm64@4.2.2':
    resolution: {integrity: sha512-dXGR1n+P3B6748jZO/SvHZq7qBOqqzQ+yFrXpoOWWALWndF9MoSKAT3Q0fYgAzYzGhxNYOoysRvYlpixRBBoDg==}
    engines: {node: '>= 20'}
    cpu: [arm64]
    os: [android]

  '@tailwindcss/oxide-darwin-arm64@4.2.2':
    resolution: {integrity: sha512-iq9Qjr6knfMpZHj55/37ouZeykwbDqF21gPFtfnhCCKGDcPI/21FKC9XdMO/XyBM7qKORx6UIhGgg6jLl7BZlg==}
    engines: {node: '>= 20'}
    cpu: [arm64]
    os: [darwin]

  '@tailwindcss/oxide-darwin-x64@4.2.2':
    resolution: {integrity: sha512-BlR+2c3nzc8f2G639LpL89YY4bdcIdUmiOOkv2GQv4/4M0vJlpXEa0JXNHhCHU7VWOKWT/CjqHdTP8aUuDJkuw==}
    engines: {node: '>= 20'}
    cpu: [x64]
    os: [darwin]

  '@tailwindcss/oxide-freebsd-x64@4.2.2':
    resolution: {integrity: sha512-YUqUgrGMSu2CDO82hzlQ5qSb5xmx3RUrke/QgnoEx7KvmRJHQuZHZmZTLSuuHwFf0DJPybFMXMYf+WJdxHy/nQ==}
    engines: {node: '>= 20'}
    cpu: [x64]
    os: [freebsd]

  '@tailwindcss/oxide-linux-arm-gnueabihf@4.2.2':
    resolution: {integrity: sha512-FPdhvsW6g06T9BWT0qTwiVZYE2WIFo2dY5aCSpjG/S/u1tby+wXoslXS0kl3/KXnULlLr1E3NPRRw0g7t2kgaQ==}
    engines: {node: '>= 20'}
    cpu: [arm]
    os: [linux]

  '@tailwindcss/oxide-linux-arm64-gnu@4.2.2':
    resolution: {integrity: sha512-4og1V+ftEPXGttOO7eCmW7VICmzzJWgMx+QXAJRAhjrSjumCwWqMfkDrNu1LXEQzNAwz28NCUpucgQPrR4S2yw==}
    engines: {node: '>= 20'}
    cpu: [arm64]
    os: [linux]
    libc: [glibc]

  '@tailwindcss/oxide-linux-arm64-musl@4.2.2':
    resolution: {integrity: sha512-oCfG/mS+/+XRlwNjnsNLVwnMWYH7tn/kYPsNPh+JSOMlnt93mYNCKHYzylRhI51X+TbR+ufNhhKKzm6QkqX8ag==}
    engines: {node: '>= 20'}
    cpu: [arm64]
    os: [linux]
    libc: [musl]

  '@tailwindcss/oxide-linux-x64-gnu@4.2.2':
    resolution: {integrity: sha512-rTAGAkDgqbXHNp/xW0iugLVmX62wOp2PoE39BTCGKjv3Iocf6AFbRP/wZT/kuCxC9QBh9Pu8XPkv/zCZB2mcMg==}
    engines: {node: '>= 20'}
    cpu: [x64]
    os: [linux]
    libc: [glibc]

  '@tailwindcss/oxide-linux-x64-musl@4.2.2':
    resolution: {integrity: sha512-XW3t3qwbIwiSyRCggeO2zxe3KWaEbM0/kW9e8+0XpBgyKU4ATYzcVSMKteZJ1iukJ3HgHBjbg9P5YPRCVUxlnQ==}
    engines: {node: '>= 20'}
    cpu: [x64]
    os: [linux]
    libc: [musl]

  '@tailwindcss/oxide-wasm32-wasi@4.2.2':
    resolution: {integrity: sha512-eKSztKsmEsn1O5lJ4ZAfyn41NfG7vzCg496YiGtMDV86jz1q/irhms5O0VrY6ZwTUkFy/EKG3RfWgxSI3VbZ8Q==}
    engines: {node: '>=14.0.0'}
    cpu: [wasm32]
    bundledDependencies:
      - '@napi-rs/wasm-runtime'
      - '@emnapi/core'
      - '@emnapi/runtime'
      - '@tybys/wasm-util'
      - '@emnapi/wasi-threads'
      - tslib

  '@tailwindcss/oxide-win32-arm64-msvc@4.2.2':
    resolution: {integrity: sha512-qPmaQM4iKu5mxpsrWZMOZRgZv1tOZpUm+zdhhQP0VhJfyGGO3aUKdbh3gDZc/dPLQwW4eSqWGrrcWNBZWUWaXQ==}
    engines: {node: '>= 20'}
    cpu: [arm64]
    os: [win32]

  '@tailwindcss/oxide-win32-x64-msvc@4.2.2':
    resolution: {integrity: sha512-1T/37VvI7WyH66b+vqHj/cLwnCxt7Qt3WFu5Q8hk65aOvlwAhs7rAp1VkulBJw/N4tMirXjVnylTR72uI0HGcA==}
    engines: {node: '>= 20'}
    cpu: [x64]
    os: [win32]

  '@tailwindcss/oxide@4.2.2':
    resolution: {integrity: sha512-qEUA07+E5kehxYp9BVMpq9E8vnJuBHfJEC0vPC5e7iL/hw7HR61aDKoVoKzrG+QKp56vhNZe4qwkRmMC0zDLvg==}
    engines: {node: '>= 20'}

  '@tailwindcss/vite@4.2.2':
    resolution: {integrity: sha512-mEiF5HO1QqCLXoNEfXVA1Tzo+cYsrqV7w9Juj2wdUFyW07JRenqMG225MvPwr3ZD9N1bFQj46X7r33iHxLUW0w==}
    peerDependencies:
      vite: ^5.2.0 || ^6 || ^7 || ^8

  '@turf/bbox@7.4.0':
    resolution: {integrity: sha512-yOX9lALc2GmjYUIE99+nRj7eZA7eDtx7Ixu/hrgIo+YqHvL1reaPVTC9rQWMHMm0pH0/WHjzk8uOpAHjptrudQ==}

  '@turf/buffer@7.4.0':
    resolution: {integrity: sha512-ewYjC7NmmP+BZ8JcjX1TglzYH1FCMWAh5L08j0iAP4lbn3/AutVjjbwIXedZZy5He1OfgmXf+rIBcNXdeEYceg==}

  '@turf/center@7.4.0':
    resolution: {integrity: sha512-JVuTaIdnQtmTV8eQfVxqza1okKiaFzgVeIA6Xoy/u6aBMxg2+oBpS6GcHZkEqR8OapPWValB1AYYqimUSiyOXw==}

  '@turf/clone@7.4.0':
    resolution: {integrity: sha512-IfYnuil7XYJauy3crzIYEr26QkmBiTgFdGfYwUUe3S6dawX+lyb3vhuaYyssEPcCJq83g0G7hwxZy7141Mmzjg==}

  '@turf/helpers@7.4.0':
    resolution: {integrity: sha512-7PAwLZqOdRzTI5g9bHvUwlloAXPDH/mlajtryk0tw4ZwGMtmXsAyF4QundsAMfy4u48Fyd3AUqMXY0SMxqJGWg==}

  '@turf/jsts@2.7.2':
    resolution: {integrity: sha512-zAezGlwWHPyU0zxwcX2wQY3RkRpwuoBmhhNE9HY9kWhFDkCxZ3aWK5URKwa/SWKJbj9aztO+8vtdiBA28KVJFg==}

  '@turf/meta@7.4.0':
    resolution: {integrity: sha512-3cLUvlEyDuSnMSzrjhaLAEiYR8xhbfWyTVQlrlEw40xL81d4KF4PqUWbjTXKpXZStdYbet2GCurl79KMypNw6g==}

  '@turf/projection@7.4.0':
    resolution: {integrity: sha512-ZS932qM+18V1UBvNlrNXUCD7mh9CzQqZzw/ElVtb0kAk6N00FYQ9bo26Cca08UZKXh3rZqG/e4eCK74JNGS4Zg==}

  '@tybys/wasm-util@0.10.1':
    resolution: {integrity: sha512-9tTaPJLSiejZKx+Bmog4uSubteqTvFrVrURwkmHixBo0G4seD0zUxp98E1DzUBJxLQ3NPwXrGKDiVjwx/DpPsg==}

  '@types/geojson@7946.0.16':
    resolution: {integrity: sha512-6C8nqWur3j98U6+lXDfTUWIfgvZU+EumvpHKcYjujKH7woYyLj2sUmff0tRhrqM7BohUw7Pz3ZB1jj2gW9Fvmg==}

  '@types/leaflet@1.9.22':
    resolution: {integrity: sha512-h3lhECYEKDasG7LFHu+GiHqAvsgLuQvlJvVZzJDGONo3sEL+wUOqSFLnwkZlK0qVxnxbuGFW8iBlJNYs5wgndA==}

  '@types/node@22.19.17':
    resolution: {integrity: sha512-wGdMcf+vPYM6jikpS/qhg6WiqSV/OhG+jeeHT/KlVqxYfD40iYJf9/AE1uQxVWFvU7MipKRkRv8NSHiCGgPr8Q==}

  '@types/react-dom@19.2.3':
    resolution: {integrity: sha512-jp2L/eY6fn+KgVVQAOqYItbF0VY/YApe5Mz2F0aykSO8gx31bYCZyvSeYxCHKvzHG5eZjc+zyaS5BrBWya2+kQ==}
    peerDependencies:
      '@types/react': ^19.2.0

  '@types/react@19.2.14':
    resolution: {integrity: sha512-ilcTH/UniCkMdtexkoCN0bI7pMcJDvmQFPvuPvmEaYA/NSfFTAgdUSLAoVjaRJm7+6PvcM+q1zYOwS4wTYMF9w==}

  '@vitejs/plugin-react@6.0.1':
    resolution: {integrity: sha512-l9X/E3cDb+xY3SWzlG1MOGt2usfEHGMNIaegaUGFsLkb3RCn/k8/TOXBcab+OndDI4TBtktT8/9BwwW8Vi9KUQ==}
    engines: {node: ^20.19.0 || >=22.12.0}
    peerDependencies:
      '@rolldown/plugin-babel': ^0.1.7 || ^0.2.0
      babel-plugin-react-compiler: ^1.0.0
      vite: ^8.0.0
    peerDependenciesMeta:
      '@rolldown/plugin-babel':
        optional: true
      babel-plugin-react-compiler:
        optional: true

  bidi-js@1.1.0:
    resolution: {integrity: sha512-fX1Onk0tdVPC7obPWB5EbJ1z7NVhLq4m2xZLq2YXBkxzMXIGRpNMU88n0EPgWseKl12J7zXs7qrDxPK4sRs2fg==}

  but-unzip@0.1.10:
    resolution: {integrity: sha512-hLfQ9WlUimmv/okzsRl6AYG3Ew5HNWhWgUslSR93FsDdeL0MAoQvmC/BJfs35lqEAO5t/QD7Y4vCFcPJtijt3A==}

  csstype@3.2.3:
    resolution: {integrity: sha512-z1HGKcYy2xA8AGQfwrn0PAy+PB7X/GSj3UVJW9qKyn43xWa+gl5nXmU4qqLMRzWVLFC8KusUX8T/0kCiOYpAIQ==}

  d3-array@2.12.1:
    resolution: {integrity: sha512-B0ErZK/66mHtEsR1TkPEEkwdy+WDesimkM5gpZr5Dsg54BiTA5RXtYW5qTLIAcekaS9xfZrzBLF/OAkB3Qn1YQ==}

  d3-geo@2.0.2:
    resolution: {integrity: sha512-8pM1WGMLGFuhq9S+FpPURxic+gKzjluCD/CHTuUF3mXMeiCo0i6R0tO1s4+GArRFde96SLcW/kOFRjoAosPsFA==}

  detect-libc@2.1.2:
    resolution: {integrity: sha512-Btj2BOOO83o3WyH59e8MgXsxEQVcarkUOpEYrubB0urwnN10yQ364rsiByU11nZlqWYZm05i/of7io4mzihBtQ==}
    engines: {node: '>=8'}

  dexie@4.4.6:
    resolution: {integrity: sha512-hJP/BO6mjB+tX6hToIO1kmxYLNmun90wYbfcoAoLpKEyDYal/k33dg0TAfoUe2TDsbbLoVIzljJ3BN2UbR5EOg==}

  earcut@3.2.4:
    resolution: {integrity: sha512-FHc6yNpnTORB0tM5kmZ03iD2mDuNakDE2lvf4Hw1XkfxtEHIGVi01B/GqUSwx+NcC1WGjidAfpTXzeALtPtfpg==}

  enhanced-resolve@5.20.1:
    resolution: {integrity: sha512-Qohcme7V1inbAfvjItgw0EaxVX5q2rdVEZHRBrEQdRZTssLDGsL8Lwrznl8oQ/6kuTJONLaDcGjkNP247XEhcA==}
    engines: {node: '>=10.13.0'}

  fdir@6.5.0:
    resolution: {integrity: sha512-tIbYtZbucOs0BRGqPJkshJUYdL+SDH7dVM8gjy+ERp3WAUjLEFJE+02kanyHtwjWOnwrKYBiwAmM0p4kLJAnXg==}
    engines: {node: '>=12.0.0'}
    peerDependencies:
      picomatch: ^3 || ^4
    peerDependenciesMeta:
      picomatch:
        optional: true

  framer-motion@14.0.0:
    resolution: {integrity: sha512-QAtHmybrDFSliyW1sexMtSQTQd+1jw2ajibEmzpuI4XdPVzQkn+dAzJMm2sW3pl9MJuSS4xN51djQ7huhlP/VA==}
    peerDependencies:
      react: ^18.0.0 || ^19.0.0
      react-dom: ^18.0.0 || ^19.0.0
    peerDependenciesMeta:
      react:
        optional: true
      react-dom:
        optional: true

  fsevents@2.3.3:
    resolution: {integrity: sha512-5xoDfX+fL7faATnagmWPpbFtwh/R77WmMMqqHGS65C3vvB0YHrgF+B1YmZ3441tMj5n63k0212XNoJwzlhffQw==}
    engines: {node: ^8.16.0 || ^10.6.0 || >=11.0.0}
    os: [darwin]

  geolib@3.3.14:
    resolution: {integrity: sha512-uQ1772h3OjhWvL/HhSRZTMjBKIKoc4wFksLDqzqOkuG/2TgBbTwFamU0Disx3sNFk/BOweHyhKoVaYDuLIpsxQ==}

  gl-matrix@3.4.4:
    resolution: {integrity: sha512-latSnyDNt/8zYUB6VIJ6PCh2jBjJX6gnDsoCZ7LyW7GkqrD51EWwa9qCoGixj8YqBtETQK/xY7OmpTF8xz1DdQ==}

  graceful-fs@4.2.11:
    resolution: {integrity: sha512-RbJ5/jmFcNNCcDV5o9eTnBLJ/HszWV0P73bc+Ff4nS/rJj+YaS6IGyiOL0VoBYX+l1Wrl3k63h/KrH+nhJ0XvQ==}

  internmap@1.0.1:
    resolution: {integrity: sha512-lDB5YccMydFBtasVtxnZ3MRBHuaoE8GKsppq+EchKL2U4nK/DmEpPHNH8MZe5HkMtpSiTSOZwfN0tzYjO/lJEw==}

  jiti@2.6.1:
    resolution: {integrity: sha512-ekilCSN1jwRvIbgeg/57YFh8qQDNbwDb9xT/qu2DAHbFFZUicIl4ygVaAvzveMhMVr3LnpSKTNnwt8PoOfmKhQ==}
    hasBin: true

  json-stringify-pretty-compact@4.0.0:
    resolution: {integrity: sha512-3CNZ2DnrpByG9Nqj6Xo8vqbjT4F6N+tb4Gb28ESAZjYZ5yqvmc56J+/kuIwkaAMOyblTQhUW7PxMkUb8Q36N3Q==}

  jsts@2.7.1:
    resolution: {integrity: sha512-x2wSZHEBK20CY+Wy+BPE7MrFQHW6sIsdaGUMEqmGAio+3gFzQaBYPwLRonUfQf9Ak8pBieqj9tUofX1+WtAEIg==}
    engines: {node: '>= 12'}

  kdbush@4.1.0:
    resolution: {integrity: sha512-e9vurzrXJQrFX6ckpHP3bvj5l+9CnYzkxDNnNQ1h2QTqdWsUAJgXiKdGNcOa1EY85dU8KbQ+z/FdQdB7P+9yfQ==}

  leaflet@1.9.4:
    resolution: {integrity: sha512-nxS1ynzJOmOlHp+iL3FyWqK89GtNL8U8rvlMOsQdTTssxZwCXh8N2NB3GDQOL+YR3XnWyZAxwQixURb+FA74PA==}

  lightningcss-android-arm64@1.32.0:
    resolution: {integrity: sha512-YK7/ClTt4kAK0vo6w3X+Pnm0D2cf2vPHbhOXdoNti1Ga0al1P4TBZhwjATvjNwLEBCnKvjJc2jQgHXH0NEwlAg==}
    engines: {node: '>= 12.0.0'}
    cpu: [arm64]
    os: [android]

  lightningcss-darwin-arm64@1.32.0:
    resolution: {integrity: sha512-RzeG9Ju5bag2Bv1/lwlVJvBE3q6TtXskdZLLCyfg5pt+HLz9BqlICO7LZM7VHNTTn/5PRhHFBSjk5lc4cmscPQ==}
    engines: {node: '>= 12.0.0'}
    cpu: [arm64]
    os: [darwin]

  lightningcss-darwin-x64@1.32.0:
    resolution: {integrity: sha512-U+QsBp2m/s2wqpUYT/6wnlagdZbtZdndSmut/NJqlCcMLTWp5muCrID+K5UJ6jqD2BFshejCYXniPDbNh73V8w==}
    engines: {node: '>= 12.0.0'}
    cpu: [x64]
    os: [darwin]

  lightningcss-freebsd-x64@1.32.0:
    resolution: {integrity: sha512-JCTigedEksZk3tHTTthnMdVfGf61Fky8Ji2E4YjUTEQX14xiy/lTzXnu1vwiZe3bYe0q+SpsSH/CTeDXK6WHig==}
    engines: {node: '>= 12.0.0'}
    cpu: [x64]
    os: [freebsd]

  lightningcss-linux-arm-gnueabihf@1.32.0:
    resolution: {integrity: sha512-x6rnnpRa2GL0zQOkt6rts3YDPzduLpWvwAF6EMhXFVZXD4tPrBkEFqzGowzCsIWsPjqSK+tyNEODUBXeeVHSkw==}
    engines: {node: '>= 12.0.0'}
    cpu: [arm]
    os: [linux]

  lightningcss-linux-arm64-gnu@1.32.0:
    resolution: {integrity: sha512-0nnMyoyOLRJXfbMOilaSRcLH3Jw5z9HDNGfT/gwCPgaDjnx0i8w7vBzFLFR1f6CMLKF8gVbebmkUN3fa/kQJpQ==}
    engines: {node: '>= 12.0.0'}
    cpu: [arm64]
    os: [linux]
    libc: [glibc]

  lightningcss-linux-arm64-musl@1.32.0:
    resolution: {integrity: sha512-UpQkoenr4UJEzgVIYpI80lDFvRmPVg6oqboNHfoH4CQIfNA+HOrZ7Mo7KZP02dC6LjghPQJeBsvXhJod/wnIBg==}
    engines: {node: '>= 12.0.0'}
    cpu: [arm64]
    os: [linux]
    libc: [musl]

  lightningcss-linux-x64-gnu@1.32.0:
    resolution: {integrity: sha512-V7Qr52IhZmdKPVr+Vtw8o+WLsQJYCTd8loIfpDaMRWGUZfBOYEJeyJIkqGIDMZPwPx24pUMfwSxxI8phr/MbOA==}
    engines: {node: '>= 12.0.0'}
    cpu: [x64]
    os: [linux]
    libc: [glibc]

  lightningcss-linux-x64-musl@1.32.0:
    resolution: {integrity: sha512-bYcLp+Vb0awsiXg/80uCRezCYHNg1/l3mt0gzHnWV9XP1W5sKa5/TCdGWaR/zBM2PeF/HbsQv/j2URNOiVuxWg==}
    engines: {node: '>= 12.0.0'}
    cpu: [x64]
    os: [linux]
    libc: [musl]

  lightningcss-win32-arm64-msvc@1.32.0:
    resolution: {integrity: sha512-8SbC8BR40pS6baCM8sbtYDSwEVQd4JlFTOlaD3gWGHfThTcABnNDBda6eTZeqbofalIJhFx0qKzgHJmcPTnGdw==}
    engines: {node: '>= 12.0.0'}
    cpu: [arm64]
    os: [win32]

  lightningcss-win32-x64-msvc@1.32.0:
    resolution: {integrity: sha512-Amq9B/SoZYdDi1kFrojnoqPLxYhQ4Wo5XiL8EVJrVsB8ARoC1PWW6VGtT0WKCemjy8aC+louJnjS7U18x3b06Q==}
    engines: {node: '>= 12.0.0'}
    cpu: [x64]
    os: [win32]

  lightningcss@1.32.0:
    resolution: {integrity: sha512-NXYBzinNrblfraPGyrbPoD19C1h9lfI/1mzgWYvXUTe414Gz/X1FD2XBZSZM7rRTrMA8JL3OtAaGifrIKhQ5yQ==}
    engines: {node: '>= 12.0.0'}

  lucide-react@1.52.0:
    resolution: {integrity: sha512-TUgPtl5ZI9WgxOcbu4ckaC5B3l1qxPQrCMgb6OfUB9owx/OvSJfcf93SMgUWAxRw5/1XDfh9uI5F5iNGXCcGDQ==}
    peerDependencies:
      '@types/react': '*'
      react: ^16.5.1 || ^17.0.0 || ^18.0.0 || ^19.0.0
    peerDependenciesMeta:
      '@types/react':
        optional: true

  magic-string@0.30.21:
    resolution: {integrity: sha512-vd2F4YUyEXKGcLHoq+TEyCjxueSeHnFxyyjNp80yg0XV4vUhnDer/lvvlqM/arB5bXQN5K2/3oinyCRyx8T2CQ==}

  maplibre-gl@6.13.0:
    resolution: {integrity: sha512-ELXk4h+xl0URFQEnVbAN6MGn61P6jq4amUWHiskLVsvHCaKdf1Zq6G8UNOD0AQ3UaXoL5ECc8ovz8yqYEBGPKw==}
    engines: {node: '>=16.14.0', npm: '>=8.1.0'}

  mgrs@1.0.0:
    resolution: {integrity: sha512-awNbTOqCxK1DBGjalK3xqWIstBZgN6fxsMSiXLs9/spqWkF2pAhb2rrYCFSsr1/tT7PhcDGjZndG8SWYn0byYA==}

  minimist@1.2.8:
    resolution: {integrity: sha512-2yyAR8qBkN3YuheJanUpWC5U3bb5osDywNB8RzDVlDwDHbocAJveqqj1u8+SVD7jkWT4yvsHCpWqqWqAxb0zCA==}

  motion-dom@14.0.0:
    resolution: {integrity: sha512-aU3ApXo1yTpeUi3JU+jbDk2TELjxPE3MbBMUP7nZHlARb6RweJK+ojmLjpuB0YsY6zhbBl1YWGo8LMsI1/Llqw==}

  motion-utils@14.0.0:
    resolution: {integrity: sha512-jBsyjVxTTRZNeuvd/v+btVXr90LQkYl4HhRu9T2ARc+PMnvkmjsjRVeAg4Qm10b6TlTw+kykWI8gu/6LuvpLSQ==}

  motion@14.0.0:
    resolution: {integrity: sha512-oGc2lkge2lkRZCP+J8/JsnYu4NFjqP1MtXirNdetn3QbvK2JqwM9A200EdT4C598KfzDhjLT12zF21xDM4Oilw==}
    peerDependencies:
      react: ^18.0.0 || ^19.0.0
      react-dom: ^18.0.0 || ^19.0.0
    peerDependenciesMeta:
      react:
        optional: true
      react-dom:
        optional: true

  murmurhash-js@1.0.0:
    resolution: {integrity: sha512-TvmkNhkv8yct0SVBSy+o8wYzXjE4Zz3PCesbfs8HiCXXdcTuocApFv11UWlNFWKYsP2okqrhb7JNlSm9InBhIw==}

  nanoid@3.3.19:
    resolution: {integrity: sha512-Y2tUNy4ouw6tq5oDSKeQYGOyhkUBhNOcGV/02KC+6kd9eDGqdZd++mjMiIDilrBYvjEnCYvVtsuHCuP+okSfug==}
    engines: {node: ^10 || ^12 || ^13.7 || ^14 || >=15.0.1}
    hasBin: true

  oxfmt@0.2.0:
    resolution: {integrity: sha512-99bPAiYDiYikUej8U0Slv8pcFVbMe38Ulm+T6bJ4KQgm+UsbgTKCBpWxbD/LRz1CuYw3PRpqfPv6AkQsIAo3Ag==}
    engines: {node: '>=8.*'}
    hasBin: true

  parsedbf@2.0.0:
    resolution: {integrity: sha512-WNjKn/cwgGBkXqQLif+2VMEahcRHkBRU0/RfBWZ7Vj7snRNNW63yW1mVuuHRDyXTRxuGCzAHHBcr/Fn+U/bXjQ==}

  pbf@5.1.2:
    resolution: {integrity: sha512-mnvGdvOrIvJOBGUEdGkrVXjN8E/VkIJCkf2eS1DH2yv82ORUlLttmDt0rWY38yYZmVwciZwBUvHM20qxBZf40w==}
    hasBin: true

  picocolors@1.1.1:
    resolution: {integrity: sha512-xceH2snhtb5M9liqDsmEw56le376mTZkEX/jEb/RxNFyegNul7eNslCXP9FDj/Lcu0X8KEyMceP2ntpaHrDEVA==}

  picomatch@4.0.4:
    resolution: {integrity: sha512-QP88BAKvMam/3NxH6vj2o21R6MjxZUAd6nlwAS/pnGvN9IVLocLHxGYIzFhg6fUQ+5th6P4dv4eW9jX3DSIj7A==}
    engines: {node: '>=12'}

  postcss@8.5.23:
    resolution: {integrity: sha512-g50586zr4bZmwFiTlflMu8E0bDTb5I5gertgwAKmsdUlTQIhZtunzUlD1WSzwcVWPoAVpsrA6vlfCD7oXvRwgg==}
    engines: {node: ^10 || ^12 || >=14}

  potpack@2.1.0:
    resolution: {integrity: sha512-pcaShQc1Shq0y+E7GqJqvZj8DTthWV1KeHGdi0Z6IAin2Oi3JnLCOfwnCo84qc+HAp52wT9nK9H7FAJp5a44GQ==}

  proj4@2.22.0:
    resolution: {integrity: sha512-MVvH09QrYm3A235rcX39WDiCKanrBiblu28l0KYIn/B2DofmYhvP/LLS43kE66jNDfx/P1l/nah3JmsAq8UgbQ==}
    peerDependencies:
      geotiff: '*'
    peerDependenciesMeta:
      geotiff:
        optional: true

  protocol-buffers-schema@3.6.1:
    resolution: {integrity: sha512-VG2K63Igkiv9p76tk1lilczEK1cT+kCjKtkdhw1dQZV3k3IXJbd3o6Ho8b9zJZaHSnT2hKe4I+ObmX9w6m5SmQ==}

  quickselect@3.0.0:
    resolution: {integrity: sha512-XdjUArbK4Bm5fLLvlm5KpTFOiOThgfWWI4axAZDWg4E/0mKdZyI9tNEfds27qCi1ze/vwTR16kvmmGhRra3c2g==}

  react-dom@19.2.4:
    resolution: {integrity: sha512-AXJdLo8kgMbimY95O2aKQqsz2iWi9jMgKJhRBAxECE4IFxfcazB2LmzloIoibJI3C12IlY20+KFaLv+71bUJeQ==}
    peerDependencies:
      react: ^19.2.4

  react@19.2.4:
    resolution: {integrity: sha512-9nfp2hYpCwOjAN+8TZFGhtWEwgvWHXqESH8qT89AT/lWklpLON22Lc8pEtnpsZz7VmawabSU0gCjnj8aC0euHQ==}
    engines: {node: '>=0.10.0'}

  require-from-string@2.0.2:
    resolution: {integrity: sha512-Xf0nWe6RseziFMu+Ap9biiUbmplq6S9/p+7w7YXP/JBHhrUDDUhwa+vANyubuqfZWTveU//DYVGsDG7RKL/vEw==}
    engines: {node: '>=0.10.0'}

  resolve-protobuf-schema@2.1.0:
    resolution: {integrity: sha512-kI5ffTiZWmJaS/huM8wZfEMer1eRd7oJQhDuxeCLe3t7N7mX3z94CN0xPxBQxFYQTSNz9T0i+v6inKqSdK8xrQ==}

  rolldown@1.0.0-rc.12:
    resolution: {integrity: sha512-yP4USLIMYrwpPHEFB5JGH1uxhcslv6/hL0OyvTuY+3qlOSJvZ7ntYnoWpehBxufkgN0cvXxppuTu5hHa/zPh+A==}
    engines: {node: ^20.19.0 || >=22.12.0}
    hasBin: true

  scheduler@0.27.0:
    resolution: {integrity: sha512-eNv+WrVbKu1f3vbYJT/xtiF5syA5HPIMtf9IgY/nKg0sWqzAUEvqY/xm7OcZc/qafLx/iO9FgOmeSAp4v5ti/Q==}

  shpjs@6.2.0:
    resolution: {integrity: sha512-8cR/RKYHQepmVyBMtzZQ+1bnSbWrtLXS6aoEJmpUlOSHtSUddterebVxYmIWq2g9kOEX9jm2kjHiikyPX7cNQA==}

  source-map-js@1.2.1:
    resolution: {integrity: sha512-UXWMKhLOwVKb728IUtQPXxfYU+usdybtUrK/8uGE8CQMvrhOpwvzDBwj0QhSL7MQc7vIsISBG8VQ8+IDQxpfQA==}
    engines: {node: '>=0.10.0'}

  tailwindcss@4.2.2:
    resolution: {integrity: sha512-KWBIxs1Xb6NoLdMVqhbhgwZf2PGBpPEiwOqgI4pFIYbNTfBXiKYyWoTsXgBQ9WFg/OlhnvHaY+AEpW7wSmFo2Q==}

  tapable@2.3.2:
    resolution: {integrity: sha512-1MOpMXuhGzGL5TTCZFItxCc0AARf1EZFQkGqMm7ERKj8+Hgr5oLvJOVFcC+lRmR8hCe2S3jC4T5D7Vg/d7/fhA==}
    engines: {node: '>=6'}

  tinyglobby@0.2.15:
    resolution: {integrity: sha512-j2Zq4NyQYG5XMST4cbs02Ak8iJUdxRM0XI5QyxXuZOzKOINmWurp3smXu3y5wDcJrptwpSjgXHzIQxR0omXljQ==}
    engines: {node: '>=12.0.0'}

  tinyqueue@3.0.0:
    resolution: {integrity: sha512-gRa9gwYU3ECmQYv3lslts5hxuIa90veaEcxDYuu3QGOIAEM2mOZkVHp48ANJuu1CURtRdHKUBY5Lm1tHV+sD4g==}

  tslib@2.8.1:
    resolution: {integrity: sha512-oJFu94HQb+KVduSUQL7wnpmqnfmLsOA/nAh6b6EH0wCEoK0/mPeXU6c3wKDV83MkOuHPRHtSXKKU99IBazS/2w==}

  typescript@5.9.3:
    resolution: {integrity: sha512-jl1vZzPDinLr9eUt3J/t7V6FgNEw9QjvBPdysz9KfQDD41fQrC2Y4vKQdiaUpFT4bXlb1RHhLpp8wtm6M5TgSw==}
    engines: {node: '>=14.17'}
    hasBin: true

  undici-types@6.21.0:
    resolution: {integrity: sha512-iwDZqg0QAGrg9Rav5H4n0M64c3mkR59cJ6wQp+7C4nI0gsmExaedaYLNO44eT4AtBBwjbTiGPMlt2Md0T9H9JQ==}

  vite@8.0.5:
    resolution: {integrity: sha512-nmu43Qvq9UopTRfMx2jOYW5l16pb3iDC1JH6yMuPkpVbzK0k+L7dfsEDH4jRgYFmsg0sTAqkojoZgzLMlwHsCQ==}
    engines: {node: ^20.19.0 || >=22.12.0}
    hasBin: true
    peerDependencies:
      '@types/node': ^20.19.0 || >=22.12.0
      '@vitejs/devtools': ^0.1.0
      esbuild: ^0.27.0 || ^0.28.0
      jiti: '>=1.21.0'
      less: ^4.0.0
      sass: ^1.70.0
      sass-embedded: ^1.70.0
      stylus: '>=0.54.8'
      sugarss: ^5.0.0
      terser: ^5.16.0
      tsx: ^4.8.1
      yaml: ^2.4.2
    peerDependenciesMeta:
      '@types/node':
        optional: true
      '@vitejs/devtools':
        optional: true
      esbuild:
        optional: true
      jiti:
        optional: true
      less:
        optional: true
      sass:
        optional: true
      sass-embedded:
        optional: true
      stylus:
        optional: true
      sugarss:
        optional: true
      terser:
        optional: true
      tsx:
        optional: true
      yaml:
        optional: true

  wkt-parser@1.5.6:
    resolution: {integrity: sha512-cqHU3lzGt/gt2OqIORP0uVy5yeOX43WABmgFkmJsmcqH3HhQo9PiJG6ftytwGKmpQUbegeX7+pQc2BuNCRfcrw==}

snapshots:

  '@emnapi/core@1.9.1':
    dependencies:
      '@emnapi/wasi-threads': 1.2.0
      tslib: 2.8.1
    optional: true

  '@emnapi/runtime@1.9.1':
    dependencies:
      tslib: 2.8.1
    optional: true

  '@emnapi/wasi-threads@1.2.0':
    dependencies:
      tslib: 2.8.1
    optional: true

  '@fortawesome/fontawesome-free@7.3.1': {}

  '@jridgewell/gen-mapping@0.3.13':
    dependencies:
      '@jridgewell/sourcemap-codec': 1.5.5
      '@jridgewell/trace-mapping': 0.3.31

  '@jridgewell/remapping@2.3.5':
    dependencies:
      '@jridgewell/gen-mapping': 0.3.13
      '@jridgewell/trace-mapping': 0.3.31

  '@jridgewell/resolve-uri@3.1.2': {}

  '@jridgewell/sourcemap-codec@1.5.5': {}

  '@jridgewell/trace-mapping@0.3.31':
    dependencies:
      '@jridgewell/resolve-uri': 3.1.2
      '@jridgewell/sourcemap-codec': 1.5.5

  '@mapbox/jsonlint-lines-primitives@2.0.3': {}

  '@mapbox/point-geometry@1.1.0': {}

  '@mapbox/tiny-sdf@2.2.0': {}

  '@mapbox/unitbezier@1.0.0': {}

  '@mapbox/vector-tile@3.0.0':
    dependencies:
      '@mapbox/point-geometry': 1.1.0
      '@types/geojson': 7946.0.16
      pbf: 5.1.2

  '@maplibre/geojson-vt@6.1.2':
    dependencies:
      kdbush: 4.1.0

  '@maplibre/maplibre-gl-style-spec@26.4.4':
    dependencies:
      '@mapbox/jsonlint-lines-primitives': 2.0.3
      '@mapbox/unitbezier': 1.0.0
      json-stringify-pretty-compact: 4.0.0
      minimist: 1.2.8
      quickselect: 3.0.0
      tinyqueue: 3.0.0

  '@maplibre/mlt@1.3.0':
    dependencies:
      '@mapbox/point-geometry': 1.1.0

  '@maplibre/vt-pbf@4.3.2':
    dependencies:
      '@mapbox/point-geometry': 1.1.0
      '@types/geojson': 7946.0.16
      pbf: 5.1.2

  '@napi-rs/wasm-runtime@1.1.1':
    dependencies:
      '@emnapi/core': 1.9.1
      '@emnapi/runtime': 1.9.1
      '@tybys/wasm-util': 0.10.1
    optional: true

  '@oxc-project/types@0.122.0': {}

  '@oxfmt/darwin-arm64@0.2.0':
    optional: true

  '@oxfmt/darwin-x64@0.2.0':
    optional: true

  '@oxfmt/linux-arm64-gnu@0.2.0':
    optional: true

  '@oxfmt/linux-arm64-musl@0.2.0':
    optional: true

  '@oxfmt/linux-x64-gnu@0.2.0':
    optional: true

  '@oxfmt/linux-x64-musl@0.2.0':
    optional: true

  '@oxfmt/win32-arm64@0.2.0':
    optional: true

  '@oxfmt/win32-x64@0.2.0':
    optional: true

  '@rolldown/binding-android-arm64@1.0.0-rc.12':
    optional: true

  '@rolldown/binding-darwin-arm64@1.0.0-rc.12':
    optional: true

  '@rolldown/binding-darwin-x64@1.0.0-rc.12':
    optional: true

  '@rolldown/binding-freebsd-x64@1.0.0-rc.12':
    optional: true

  '@rolldown/binding-linux-arm-gnueabihf@1.0.0-rc.12':
    optional: true

  '@rolldown/binding-linux-arm64-gnu@1.0.0-rc.12':
    optional: true

  '@rolldown/binding-linux-arm64-musl@1.0.0-rc.12':
    optional: true

  '@rolldown/binding-linux-ppc64-gnu@1.0.0-rc.12':
    optional: true

  '@rolldown/binding-linux-s390x-gnu@1.0.0-rc.12':
    optional: true

  '@rolldown/binding-linux-x64-gnu@1.0.0-rc.12':
    optional: true

  '@rolldown/binding-linux-x64-musl@1.0.0-rc.12':
    optional: true

  '@rolldown/binding-openharmony-arm64@1.0.0-rc.12':
    optional: true

  '@rolldown/binding-wasm32-wasi@1.0.0-rc.12':
    dependencies:
      '@napi-rs/wasm-runtime': 1.1.1
    optional: true

  '@rolldown/binding-win32-arm64-msvc@1.0.0-rc.12':
    optional: true

  '@rolldown/binding-win32-x64-msvc@1.0.0-rc.12':
    optional: true

  '@rolldown/pluginutils@1.0.0-rc.12': {}

  '@rolldown/pluginutils@1.0.0-rc.7': {}

  '@tailwindcss/node@4.2.2':
    dependencies:
      '@jridgewell/remapping': 2.3.5
      enhanced-resolve: 5.20.1
      jiti: 2.6.1
      lightningcss: 1.32.0
      magic-string: 0.30.21
      source-map-js: 1.2.1
      tailwindcss: 4.2.2

  '@tailwindcss/oxide-android-arm64@4.2.2':
    optional: true

  '@tailwindcss/oxide-darwin-arm64@4.2.2':
    optional: true

  '@tailwindcss/oxide-darwin-x64@4.2.2':
    optional: true

  '@tailwindcss/oxide-freebsd-x64@4.2.2':
    optional: true

  '@tailwindcss/oxide-linux-arm-gnueabihf@4.2.2':
    optional: true

  '@tailwindcss/oxide-linux-arm64-gnu@4.2.2':
    optional: true

  '@tailwindcss/oxide-linux-arm64-musl@4.2.2':
    optional: true

  '@tailwindcss/oxide-linux-x64-gnu@4.2.2':
    optional: true

  '@tailwindcss/oxide-linux-x64-musl@4.2.2':
    optional: true

  '@tailwindcss/oxide-wasm32-wasi@4.2.2':
    optional: true

  '@tailwindcss/oxide-win32-arm64-msvc@4.2.2':
    optional: true

  '@tailwindcss/oxide-win32-x64-msvc@4.2.2':
    optional: true

  '@tailwindcss/oxide@4.2.2':
    optionalDependencies:
      '@tailwindcss/oxide-android-arm64': 4.2.2
      '@tailwindcss/oxide-darwin-arm64': 4.2.2
      '@tailwindcss/oxide-darwin-x64': 4.2.2
      '@tailwindcss/oxide-freebsd-x64': 4.2.2
      '@tailwindcss/oxide-linux-arm-gnueabihf': 4.2.2
      '@tailwindcss/oxide-linux-arm64-gnu': 4.2.2
      '@tailwindcss/oxide-linux-arm64-musl': 4.2.2
      '@tailwindcss/oxide-linux-x64-gnu': 4.2.2
      '@tailwindcss/oxide-linux-x64-musl': 4.2.2
      '@tailwindcss/oxide-wasm32-wasi': 4.2.2
      '@tailwindcss/oxide-win32-arm64-msvc': 4.2.2
      '@tailwindcss/oxide-win32-x64-msvc': 4.2.2

  '@tailwindcss/vite@4.2.2(vite@8.0.5(@types/node@22.19.17)(jiti@2.6.1))':
    dependencies:
      '@tailwindcss/node': 4.2.2
      '@tailwindcss/oxide': 4.2.2
      tailwindcss: 4.2.2
      vite: 8.0.5(@types/node@22.19.17)(jiti@2.6.1)

  '@turf/bbox@7.4.0':
    dependencies:
      '@turf/helpers': 7.4.0
      '@turf/meta': 7.4.0
      '@types/geojson': 7946.0.16
      tslib: 2.8.1

  '@turf/buffer@7.4.0':
    dependencies:
      '@turf/bbox': 7.4.0
      '@turf/center': 7.4.0
      '@turf/helpers': 7.4.0
      '@turf/jsts': 2.7.2
      '@turf/meta': 7.4.0
      '@turf/projection': 7.4.0
      '@types/geojson': 7946.0.16
      d3-geo: 2.0.2
      tslib: 2.8.1

  '@turf/center@7.4.0':
    dependencies:
      '@turf/bbox': 7.4.0
      '@turf/helpers': 7.4.0
      '@types/geojson': 7946.0.16
      tslib: 2.8.1

  '@turf/clone@7.4.0':
    dependencies:
      '@turf/helpers': 7.4.0
      '@types/geojson': 7946.0.16
      tslib: 2.8.1

  '@turf/helpers@7.4.0':
    dependencies:
      '@types/geojson': 7946.0.16
      tslib: 2.8.1

  '@turf/jsts@2.7.2':
    dependencies:
      jsts: 2.7.1

  '@turf/meta@7.4.0':
    dependencies:
      '@turf/helpers': 7.4.0
      '@types/geojson': 7946.0.16
      tslib: 2.8.1

  '@turf/projection@7.4.0':
    dependencies:
      '@turf/clone': 7.4.0
      '@turf/helpers': 7.4.0
      '@turf/meta': 7.4.0
      '@types/geojson': 7946.0.16
      tslib: 2.8.1

  '@tybys/wasm-util@0.10.1':
    dependencies:
      tslib: 2.8.1
    optional: true

  '@types/geojson@7946.0.16': {}

  '@types/leaflet@1.9.22':
    dependencies:
      '@types/geojson': 7946.0.16

  '@types/node@22.19.17':
    dependencies:
      undici-types: 6.21.0

  '@types/react-dom@19.2.3(@types/react@19.2.14)':
    dependencies:
      '@types/react': 19.2.14

  '@types/react@19.2.14':
    dependencies:
      csstype: 3.2.3

  '@vitejs/plugin-react@6.0.1(vite@8.0.5(@types/node@22.19.17)(jiti@2.6.1))':
    dependencies:
      '@rolldown/pluginutils': 1.0.0-rc.7
      vite: 8.0.5(@types/node@22.19.17)(jiti@2.6.1)

  bidi-js@1.1.0:
    dependencies:
      require-from-string: 2.0.2

  but-unzip@0.1.10: {}

  csstype@3.2.3: {}

  d3-array@2.12.1:
    dependencies:
      internmap: 1.0.1

  d3-geo@2.0.2:
    dependencies:
      d3-array: 2.12.1

  detect-libc@2.1.2: {}

  dexie@4.4.6: {}

  earcut@3.2.4: {}

  enhanced-resolve@5.20.1:
    dependencies:
      graceful-fs: 4.2.11
      tapable: 2.3.2

  fdir@6.5.0(picomatch@4.0.4):
    optionalDependencies:
      picomatch: 4.0.4

  framer-motion@14.0.0(react-dom@19.2.4(react@19.2.4))(react@19.2.4):
    dependencies:
      motion-dom: 14.0.0
      motion-utils: 14.0.0
      tslib: 2.8.1
    optionalDependencies:
      react: 19.2.4
      react-dom: 19.2.4(react@19.2.4)

  fsevents@2.3.3:
    optional: true

  geolib@3.3.14: {}

  gl-matrix@3.4.4: {}

  graceful-fs@4.2.11: {}

  internmap@1.0.1: {}

  jiti@2.6.1: {}

  json-stringify-pretty-compact@4.0.0: {}

  jsts@2.7.1: {}

  kdbush@4.1.0: {}

  leaflet@1.9.4: {}

  lightningcss-android-arm64@1.32.0:
    optional: true

  lightningcss-darwin-arm64@1.32.0:
    optional: true

  lightningcss-darwin-x64@1.32.0:
    optional: true

  lightningcss-freebsd-x64@1.32.0:
    optional: true

  lightningcss-linux-arm-gnueabihf@1.32.0:
    optional: true

  lightningcss-linux-arm64-gnu@1.32.0:
    optional: true

  lightningcss-linux-arm64-musl@1.32.0:
    optional: true

  lightningcss-linux-x64-gnu@1.32.0:
    optional: true

  lightningcss-linux-x64-musl@1.32.0:
    optional: true

  lightningcss-win32-arm64-msvc@1.32.0:
    optional: true

  lightningcss-win32-x64-msvc@1.32.0:
    optional: true

  lightningcss@1.32.0:
    dependencies:
      detect-libc: 2.1.2
    optionalDependencies:
      lightningcss-android-arm64: 1.32.0
      lightningcss-darwin-arm64: 1.32.0
      lightningcss-darwin-x64: 1.32.0
      lightningcss-freebsd-x64: 1.32.0
      lightningcss-linux-arm-gnueabihf: 1.32.0
      lightningcss-linux-arm64-gnu: 1.32.0
      lightningcss-linux-arm64-musl: 1.32.0
      lightningcss-linux-x64-gnu: 1.32.0
      lightningcss-linux-x64-musl: 1.32.0
      lightningcss-win32-arm64-msvc: 1.32.0
      lightningcss-win32-x64-msvc: 1.32.0

  lucide-react@1.52.0(@types/react@19.2.14)(react@19.2.4):
    dependencies:
      react: 19.2.4
    optionalDependencies:
      '@types/react': 19.2.14

  magic-string@0.30.21:
    dependencies:
      '@jridgewell/sourcemap-codec': 1.5.5

  maplibre-gl@6.13.0:
    dependencies:
      '@mapbox/point-geometry': 1.1.0
      '@mapbox/tiny-sdf': 2.2.0
      '@mapbox/unitbezier': 1.0.0
      '@mapbox/vector-tile': 3.0.0
      '@maplibre/geojson-vt': 6.1.2
      '@maplibre/maplibre-gl-style-spec': 26.4.4
      '@maplibre/mlt': 1.3.0
      '@maplibre/vt-pbf': 4.3.2
      '@types/geojson': 7946.0.16
      bidi-js: 1.1.0
      earcut: 3.2.4
      gl-matrix: 3.4.4
      kdbush: 4.1.0
      murmurhash-js: 1.0.0
      pbf: 5.1.2
      potpack: 2.1.0
      quickselect: 3.0.0
      tinyqueue: 3.0.0

  mgrs@1.0.0: {}

  minimist@1.2.8: {}

  motion-dom@14.0.0:
    dependencies:
      motion-utils: 14.0.0

  motion-utils@14.0.0: {}

  motion@14.0.0(react-dom@19.2.4(react@19.2.4))(react@19.2.4):
    dependencies:
      framer-motion: 14.0.0(react-dom@19.2.4(react@19.2.4))(react@19.2.4)
      tslib: 2.8.1
    optionalDependencies:
      react: 19.2.4
      react-dom: 19.2.4(react@19.2.4)

  murmurhash-js@1.0.0: {}

  nanoid@3.3.19: {}

  oxfmt@0.2.0:
    optionalDependencies:
      '@oxfmt/darwin-arm64': 0.2.0
      '@oxfmt/darwin-x64': 0.2.0
      '@oxfmt/linux-arm64-gnu': 0.2.0
      '@oxfmt/linux-arm64-musl': 0.2.0
      '@oxfmt/linux-x64-gnu': 0.2.0
      '@oxfmt/linux-x64-musl': 0.2.0
      '@oxfmt/win32-arm64': 0.2.0
      '@oxfmt/win32-x64': 0.2.0

  parsedbf@2.0.0: {}

  pbf@5.1.2:
    dependencies:
      resolve-protobuf-schema: 2.1.0

  picocolors@1.1.1: {}

  picomatch@4.0.4: {}

  postcss@8.5.23:
    dependencies:
      nanoid: 3.3.19
      picocolors: 1.1.1
      source-map-js: 1.2.1

  potpack@2.1.0: {}

  proj4@2.22.0:
    dependencies:
      mgrs: 1.0.0
      wkt-parser: 1.5.6

  protocol-buffers-schema@3.6.1: {}

  quickselect@3.0.0: {}

  react-dom@19.2.4(react@19.2.4):
    dependencies:
      react: 19.2.4
      scheduler: 0.27.0

  react@19.2.4: {}

  require-from-string@2.0.2: {}

  resolve-protobuf-schema@2.1.0:
    dependencies:
      protocol-buffers-schema: 3.6.1

  rolldown@1.0.0-rc.12:
    dependencies:
      '@oxc-project/types': 0.122.0
      '@rolldown/pluginutils': 1.0.0-rc.12
    optionalDependencies:
      '@rolldown/binding-android-arm64': 1.0.0-rc.12
      '@rolldown/binding-darwin-arm64': 1.0.0-rc.12
      '@rolldown/binding-darwin-x64': 1.0.0-rc.12
      '@rolldown/binding-freebsd-x64': 1.0.0-rc.12
      '@rolldown/binding-linux-arm-gnueabihf': 1.0.0-rc.12
      '@rolldown/binding-linux-arm64-gnu': 1.0.0-rc.12
      '@rolldown/binding-linux-arm64-musl': 1.0.0-rc.12
      '@rolldown/binding-linux-ppc64-gnu': 1.0.0-rc.12
      '@rolldown/binding-linux-s390x-gnu': 1.0.0-rc.12
      '@rolldown/binding-linux-x64-gnu': 1.0.0-rc.12
      '@rolldown/binding-linux-x64-musl': 1.0.0-rc.12
      '@rolldown/binding-openharmony-arm64': 1.0.0-rc.12
      '@rolldown/binding-wasm32-wasi': 1.0.0-rc.12
      '@rolldown/binding-win32-arm64-msvc': 1.0.0-rc.12
      '@rolldown/binding-win32-x64-msvc': 1.0.0-rc.12

  scheduler@0.27.0: {}

  shpjs@6.2.0:
    dependencies:
      but-unzip: 0.1.10
      parsedbf: 2.0.0
      proj4: 2.22.0
    transitivePeerDependencies:
      - geotiff

  source-map-js@1.2.1: {}

  tailwindcss@4.2.2: {}

  tapable@2.3.2: {}

  tinyglobby@0.2.15:
    dependencies:
      fdir: 6.5.0(picomatch@4.0.4)
      picomatch: 4.0.4

  tinyqueue@3.0.0: {}

  tslib@2.8.1: {}

  typescript@5.9.3: {}

  undici-types@6.21.0: {}

  vite@8.0.5(@types/node@22.19.17)(jiti@2.6.1):
    dependencies:
      lightningcss: 1.32.0
      picomatch: 4.0.4
      postcss: 8.5.23
      rolldown: 1.0.0-rc.12
      tinyglobby: 0.2.15
    optionalDependencies:
      '@types/node': 22.19.17
      fsevents: 2.3.3
      jiti: 2.6.1

  wkt-parser@1.5.6: {}
